
Microsoft Visual Studio Solution File, Format Version 12.00
# Visual Studio 15
VisualStudioVersion = 15.0.28307.1778
MinimumVisualStudioVersion = 10.0.40219.1
Project("{FAE04EC0-301F-11D3-BF4B-00C04F79EFBC}") = "zad2", "zad2\zad2.csproj", "{A971A1D6-C12B-4C36-A470-9A572CA280B7}"
EndProject
Global
	GlobalSection(SolutionConfigurationPlatforms) = preSolution
		Debug|Any CPU = Debug|Any CPU
		Release|Any CPU = Release|Any CPU
	EndGlobalSection
	GlobalSection(ProjectConfigurationPlatforms) = postSolution
		{A971A1D6-C12B-4C36-A470-9A572CA280B7}.Debug|Any CPU.ActiveCfg = Debug|Any CPU
		{A971A1D6-C12B-4C36-A470-9A572CA280B7}.Debug|Any CPU.Build.0 = Debug|Any CPU
		{A971A1D6-C12B-4C36-A470-9A572CA280B7}.Release|Any CPU.ActiveCfg = Release|Any CPU
		{A971A1D6-C12B-4C36-A470-9A572CA280B7}.Release|Any CPU.Build.0 = Release|Any CPU
	EndGlobalSection
	GlobalSection(SolutionProperties) = preSolution
		HideSolutionNode = FALSE
	EndGlobalSection
	GlobalSection(ExtensibilityGlobals) = postSolution
		SolutionGuid = {70DFC4D3-CE36-4E06-AD0D-4E7900DDAD31}
	EndGlobalSection
EndGlobal
