
Microsoft Visual Studio Solution File, Format Version 12.00
# Visual Studio 15
VisualStudioVersion = 15.0.28307.1778
MinimumVisualStudioVersion = 10.0.40219.1
Project("{FAE04EC0-301F-11D3-BF4B-00C04F79EFBC}") = "Zad1", "WpfApp1\Zad1.csproj", "{03B1C68F-ED6D-40CB-B5FC-D725D474DCF6}"
EndProject
Project("{FAE04EC0-301F-11D3-BF4B-00C04F79EFBC}") = "zad2", "WpfApp2\zad2.csproj", "{84B34945-701A-474D-BBF9-2AB9259F1166}"
EndProject
Project("{FAE04EC0-301F-11D3-BF4B-00C04F79EFBC}") = "zad3", "zad3\zad3.csproj", "{76AF614A-57A4-4376-B278-C1D5DE3A236B}"
EndProject
Project("{FAE04EC0-301F-11D3-BF4B-00C04F79EFBC}") = "zad4", "zad4\zad4.csproj", "{CB67CF30-3AD9-42EF-990E-83489347617B}"
EndProject
Global
	GlobalSection(SolutionConfigurationPlatforms) = preSolution
		Debug|Any CPU = Debug|Any CPU
		Release|Any CPU = Release|Any CPU
	EndGlobalSection
	GlobalSection(ProjectConfigurationPlatforms) = postSolution
		{03B1C68F-ED6D-40CB-B5FC-D725D474DCF6}.Debug|Any CPU.ActiveCfg = Debug|Any CPU
		{03B1C68F-ED6D-40CB-B5FC-D725D474DCF6}.Debug|Any CPU.Build.0 = Debug|Any CPU
		{03B1C68F-ED6D-40CB-B5FC-D725D474DCF6}.Release|Any CPU.ActiveCfg = Release|Any CPU
		{03B1C68F-ED6D-40CB-B5FC-D725D474DCF6}.Release|Any CPU.Build.0 = Release|Any CPU
		{84B34945-701A-474D-BBF9-2AB9259F1166}.Debug|Any CPU.ActiveCfg = Debug|Any CPU
		{84B34945-701A-474D-BBF9-2AB9259F1166}.Debug|Any CPU.Build.0 = Debug|Any CPU
		{84B34945-701A-474D-BBF9-2AB9259F1166}.Release|Any CPU.ActiveCfg = Release|Any CPU
		{84B34945-701A-474D-BBF9-2AB9259F1166}.Release|Any CPU.Build.0 = Release|Any CPU
		{76AF614A-57A4-4376-B278-C1D5DE3A236B}.Debug|Any CPU.ActiveCfg = Debug|Any CPU
		{76AF614A-57A4-4376-B278-C1D5DE3A236B}.Debug|Any CPU.Build.0 = Debug|Any CPU
		{76AF614A-57A4-4376-B278-C1D5DE3A236B}.Release|Any CPU.ActiveCfg = Release|Any CPU
		{76AF614A-57A4-4376-B278-C1D5DE3A236B}.Release|Any CPU.Build.0 = Release|Any CPU
		{CB67CF30-3AD9-42EF-990E-83489347617B}.Debug|Any CPU.ActiveCfg = Debug|Any CPU
		{CB67CF30-3AD9-42EF-990E-83489347617B}.Debug|Any CPU.Build.0 = Debug|Any CPU
		{CB67CF30-3AD9-42EF-990E-83489347617B}.Release|Any CPU.ActiveCfg = Release|Any CPU
		{CB67CF30-3AD9-42EF-990E-83489347617B}.Release|Any CPU.Build.0 = Release|Any CPU
	EndGlobalSection
	GlobalSection(SolutionProperties) = preSolution
		HideSolutionNode = FALSE
	EndGlobalSection
	GlobalSection(ExtensibilityGlobals) = postSolution
		SolutionGuid = {DE6F4955-5928-42C8-B771-E38C63EA29E8}
	EndGlobalSection
EndGlobal
